// !$*UTF8*$!
{
	archiveVersion = 1;
	classes = {
	};
	objectVersion = 50;
	objects = {

/* Begin PBXBuildFile section */
		98AA7B0722031C8D00FCA5AC /* AppDelegate.swift in Sources */ = {isa = PBXBuildFile; fileRef = 98AA7B0622031C8D00FCA5AC /* AppDelegate.swift */; };
		98AA7B0922031C8D00FCA5AC /* MapViewController.swift in Sources */ = {isa = PBXBuildFile; fileRef = 98AA7B0822031C8D00FCA5AC /* MapViewController.swift */; };
		98AA7B0C22031C8D00FCA5AC /* Main.storyboard in Resources */ = {isa = PBXBuildFile; fileRef = 98AA7B0A22031C8D00FCA5AC /* Main.storyboard */; };
		98AA7B0F22031C8D00FCA5AC /* Virtual Tourist.xcdatamodeld in Sources */ = {isa = PBXBuildFile; fileRef = 98AA7B0D22031C8D00FCA5AC /* Virtual Tourist.xcdatamodeld */; };
		98AA7B1122031C8F00FCA5AC /* Assets.xcassets in Resources */ = {isa = PBXBuildFile; fileRef = 98AA7B1022031C8F00FCA5AC /* Assets.xcassets */; };
		98AA7B1422031C8F00FCA5AC /* LaunchScreen.storyboard in Resources */ = {isa = PBXBuildFile; fileRef = 98AA7B1222031C8F00FCA5AC /* LaunchScreen.storyboard */; };
		98AA7B252203668F00FCA5AC /* MapViewController+MKMapViewDelegate.swift in Sources */ = {isa = PBXBuildFile; fileRef = 98AA7B242203668F00FCA5AC /* MapViewController+MKMapViewDelegate.swift */; };
		98AA7B2722036A4200FCA5AC /* UserDefaultsKeys.swift in Sources */ = {isa = PBXBuildFile; fileRef = 98AA7B2622036A4200FCA5AC /* UserDefaultsKeys.swift */; };
/* End PBXBuildFile section */

/* Begin PBXFileReference section */
		98AA7B0322031C8D00FCA5AC /* Virtual Tourist.app */ = {isa = PBXFileReference; explicitFileType = wrapper.application; includeInIndex = 0; path = "Virtual Tourist.app"; sourceTree = BUILT_PRODUCTS_DIR; };
		98AA7B0622031C8D00FCA5AC /* AppDelegate.swift */ = {isa = PBXFileReference; lastKnownFileType = sourcecode.swift; path = AppDelegate.swift; sourceTree = "<group>"; };
		98AA7B0822031C8D00FCA5AC /* MapViewController.swift */ = {isa = PBXFileReference; lastKnownFileType = sourcecode.swift; path = MapViewController.swift; sourceTree = "<group>"; };
		98AA7B0B22031C8D00FCA5AC /* Base */ = {isa = PBXFileReference; lastKnownFileType = file.storyboard; name = Base; path = Base.lproj/Main.storyboard; sourceTree = "<group>"; };
		98AA7B0E22031C8D00FCA5AC /* Virtual_Tourist.xcdatamodel */ = {isa = PBXFileReference; lastKnownFileType = wrapper.xcdatamodel; path = Virtual_Tourist.xcdatamodel; sourceTree = "<group>"; };
		98AA7B1022031C8F00FCA5AC /* Assets.xcassets */ = {isa = PBXFileReference; lastKnownFileType = folder.assetcatalog; path = Assets.xcassets; sourceTree = "<group>"; };
		98AA7B1322031C8F00FCA5AC /* Base */ = {isa = PBXFileReference; lastKnownFileType = file.storyboard; name = Base; path = Base.lproj/LaunchScreen.storyboard; sourceTree = "<group>"; };
		98AA7B1522031C8F00FCA5AC /* Info.plist */ = {isa = PBXFileReference; lastKnownFileType = text.plist.xml; path = Info.plist; sourceTree = "<group>"; };
		98AA7B242203668F00FCA5AC /* MapViewController+MKMapViewDelegate.swift */ = {isa = PBXFileReference; lastKnownFileType = sourcecode.swift; path = "MapViewController+MKMapViewDelegate.swift"; sourceTree = "<group>"; };
		98AA7B2622036A4200FCA5AC /* UserDefaultsKeys.swift */ = {isa = PBXFileReference; lastKnownFileType = sourcecode.swift; path = UserDefaultsKeys.swift; sourceTree = "<group>"; };
/* End PBXFileReference section */

/* Begin PBXFrameworksBuildPhase section */
		98AA7B0022031C8D00FCA5AC /* Frameworks */ = {
			isa = PBXFrameworksBuildPhase;
			buildActionMask = 2147483647;
			files = (
			);
			runOnlyForDeploymentPostprocessing = 0;
		};
/* End PBXFrameworksBuildPhase section */

/* Begin PBXGroup section */
		98AA7AFA22031C8D00FCA5AC = {
			isa = PBXGroup;
			children = (
				98AA7B0522031C8D00FCA5AC /* Virtual Tourist */,
				98AA7B0422031C8D00FCA5AC /* Products */,
			);
			sourceTree = "<group>";
		};
		98AA7B0422031C8D00FCA5AC /* Products */ = {
			isa = PBXGroup;
			children = (
				98AA7B0322031C8D00FCA5AC /* Virtual Tourist.app */,
			);
			name = Products;
			sourceTree = "<group>";
		};
		98AA7B0522031C8D00FCA5AC /* Virtual Tourist */ = {
			isa = PBXGroup;
			children = (
				98AA7B1B22031F6700FCA5AC /* View Controllers */,
				98AA7B1C22031F8300FCA5AC /* Models */,
				98AA7B1D22031F8B00FCA5AC /* Views */,
				98AA7B22220320A400FCA5AC /* Delegates */,
				98AA7B1E2203201400FCA5AC /* Network */,
				98AA7B212203203D00FCA5AC /* Resources */,
				98AA7B23220320B800FCA5AC /* Storyboards */,
				98AA7B0622031C8D00FCA5AC /* AppDelegate.swift */,
			);
			path = "Virtual Tourist";
			sourceTree = "<group>";
		};
		98AA7B1B22031F6700FCA5AC /* View Controllers */ = {
			isa = PBXGroup;
			children = (
				98AA7B0822031C8D00FCA5AC /* MapViewController.swift */,
			);
			path = "View Controllers";
			sourceTree = "<group>";
		};
		98AA7B1C22031F8300FCA5AC /* Models */ = {
			isa = PBXGroup;
			children = (
				98AA7B0D22031C8D00FCA5AC /* Virtual Tourist.xcdatamodeld */,
			);
			path = Models;
			sourceTree = "<group>";
		};
		98AA7B1D22031F8B00FCA5AC /* Views */ = {
			isa = PBXGroup;
			children = (
			);
			path = Views;
			sourceTree = "<group>";
		};
		98AA7B1E2203201400FCA5AC /* Network */ = {
			isa = PBXGroup;
			children = (
				98AA7B1F2203202300FCA5AC /* Requests */,
				98AA7B202203202900FCA5AC /* Responses */,
			);
			path = Network;
			sourceTree = "<group>";
		};
		98AA7B1F2203202300FCA5AC /* Requests */ = {
			isa = PBXGroup;
			children = (
			);
			path = Requests;
			sourceTree = "<group>";
		};
		98AA7B202203202900FCA5AC /* Responses */ = {
			isa = PBXGroup;
			children = (
			);
			path = Responses;
			sourceTree = "<group>";
		};
		98AA7B212203203D00FCA5AC /* Resources */ = {
			isa = PBXGroup;
			children = (
				98AA7B1022031C8F00FCA5AC /* Assets.xcassets */,
				98AA7B1522031C8F00FCA5AC /* Info.plist */,
				98AA7B2622036A4200FCA5AC /* UserDefaultsKeys.swift */,
			);
			path = Resources;
			sourceTree = "<group>";
		};
		98AA7B22220320A400FCA5AC /* Delegates */ = {
			isa = PBXGroup;
			children = (
				98AA7B242203668F00FCA5AC /* MapViewController+MKMapViewDelegate.swift */,
			);
			path = Delegates;
			sourceTree = "<group>";
		};
		98AA7B23220320B800FCA5AC /* Storyboards */ = {
			isa = PBXGroup;
			children = (
				98AA7B0A22031C8D00FCA5AC /* Main.storyboard */,
				98AA7B1222031C8F00FCA5AC /* LaunchScreen.storyboard */,
			);
			path = Storyboards;
			sourceTree = "<group>";
		};
/* End PBXGroup section */

/* Begin PBXNativeTarget section */
		98AA7B0222031C8D00FCA5AC /* Virtual Tourist */ = {
			isa = PBXNativeTarget;
			buildConfigurationList = 98AA7B1822031C8F00FCA5AC /* Build configuration list for PBXNativeTarget "Virtual Tourist" */;
			buildPhases = (
				98AA7AFF22031C8D00FCA5AC /* Sources */,
				98AA7B0022031C8D00FCA5AC /* Frameworks */,
				98AA7B0122031C8D00FCA5AC /* Resources */,
			);
			buildRules = (
			);
			dependencies = (
			);
			name = "Virtual Tourist";
			productName = "Virtual Tourist";
			productReference = 98AA7B0322031C8D00FCA5AC /* Virtual Tourist.app */;
			productType = "com.apple.product-type.application";
		};
/* End PBXNativeTarget section */

/* Begin PBXProject section */
		98AA7AFB22031C8D00FCA5AC /* Project object */ = {
			isa = PBXProject;
			attributes = {
				LastSwiftUpdateCheck = 1010;
				LastUpgradeCheck = 1010;
				ORGANIZATIONNAME = "Felipe Ribeiro";
				TargetAttributes = {
					98AA7B0222031C8D00FCA5AC = {
						CreatedOnToolsVersion = 10.1;
					};
				};
			};
			buildConfigurationList = 98AA7AFE22031C8D00FCA5AC /* Build configuration list for PBXProject "Virtual Tourist" */;
			compatibilityVersion = "Xcode 9.3";
			developmentRegion = en;
			hasScannedForEncodings = 0;
			knownRegions = (
				en,
				Base,
			);
			mainGroup = 98AA7AFA22031C8D00FCA5AC;
			productRefGroup = 98AA7B0422031C8D00FCA5AC /* Products */;
			projectDirPath = "";
			projectRoot = "";
			targets = (
				98AA7B0222031C8D00FCA5AC /* Virtual Tourist */,
			);
		};
/* End PBXProject section */

/* Begin PBXResourcesBuildPhase section */
		98AA7B0122031C8D00FCA5AC /* Resources */ = {
			isa = PBXResourcesBuildPhase;
			buildActionMask = 2147483647;
			files = (
				98AA7B1422031C8F00FCA5AC /* LaunchScreen.storyboard in Resources */,
				98AA7B1122031C8F00FCA5AC /* Assets.xcassets in Resources */,
				98AA7B0C22031C8D00FCA5AC /* Main.storyboard in Resources */,
			);
			runOnlyForDeploymentPostprocessing = 0;
		};
/* End PBXResourcesBuildPhase section */

/* Begin PBXSourcesBuildPhase section */
		98AA7AFF22031C8D00FCA5AC /* Sources */ = {
			isa = PBXSourcesBuildPhase;
			buildActionMask = 2147483647;
			files = (
				98AA7B252203668F00FCA5AC /* MapViewController+MKMapViewDelegate.swift in Sources */,
				98AA7B0922031C8D00FCA5AC /* MapViewController.swift in Sources */,
				98AA7B2722036A4200FCA5AC /* UserDefaultsKeys.swift in Sources */,
				98AA7B0F22031C8D00FCA5AC /* Virtual Tourist.xcdatamodeld in Sources */,
				98AA7B0722031C8D00FCA5AC /* AppDelegate.swift in Sources */,
			);
			runOnlyForDeploymentPostprocessing = 0;
		};
/* End PBXSourcesBuildPhase section */

/* Begin PBXVariantGroup section */
		98AA7B0A22031C8D00FCA5AC /* Main.storyboard */ = {
			isa = PBXVariantGroup;
			children = (
				98AA7B0B22031C8D00FCA5AC /* Base */,
			);
			name = Main.storyboard;
			sourceTree = "<group>";
		};
		98AA7B1222031C8F00FCA5AC /* LaunchScreen.storyboard */ = {
			isa = PBXVariantGroup;
			children = (
				98AA7B1322031C8F00FCA5AC /* Base */,
			);
			name = LaunchScreen.storyboard;
			sourceTree = "<group>";
		};
/* End PBXVariantGroup section */

/* Begin XCBuildConfiguration section */
		98AA7B1622031C8F00FCA5AC /* Debug */ = {
			isa = XCBuildConfiguration;
			buildSettings = {
				ALWAYS_SEARCH_USER_PATHS = NO;
				CLANG_ANALYZER_NONNULL = YES;
				CLANG_ANALYZER_NUMBER_OBJECT_CONVERSION = YES_AGGRESSIVE;
				CLANG_CXX_LANGUAGE_STANDARD = "gnu++14";
				CLANG_CXX_LIBRARY = "libc++";
				CLANG_ENABLE_MODULES = YES;
				CLANG_ENABLE_OBJC_ARC = YES;
				CLANG_ENABLE_OBJC_WEAK = YES;
				CLANG_WARN_BLOCK_CAPTURE_AUTORELEASING = YES;
				CLANG_WARN_BOOL_CONVERSION = YES;
				CLANG_WARN_COMMA = YES;
				CLANG_WARN_CONSTANT_CONVERSION = YES;
				CLANG_WARN_DEPRECATED_OBJC_IMPLEMENTATIONS = YES;
				CLANG_WARN_DIRECT_OBJC_ISA_USAGE = YES_ERROR;
				CLANG_WARN_DOCUMENTATION_COMMENTS = YES;
				CLANG_WARN_EMPTY_BODY = YES;
				CLANG_WARN_ENUM_CONVERSION = YES;
				CLANG_WARN_INFINITE_RECURSION = YES;
				CLANG_WARN_INT_CONVERSION = YES;
				CLANG_WARN_NON_LITERAL_NULL_CONVERSION = YES;
				CLANG_WARN_OBJC_IMPLICIT_RETAIN_SELF = YES;
				CLANG_WARN_OBJC_LITERAL_CONVERSION = YES;
				CLANG_WARN_OBJC_ROOT_CLASS = YES_ERROR;
				CLANG_WARN_RANGE_LOOP_ANALYSIS = YES;
				CLANG_WARN_STRICT_PROTOTYPES = YES;
				CLANG_WARN_SUSPICIOUS_MOVE = YES;
				CLANG_WARN_UNGUARDED_AVAILABILITY = YES_AGGRESSIVE;
				CLANG_WARN_UNREACHABLE_CODE = YES;
				CLANG_WARN__DUPLICATE_METHOD_MATCH = YES;
				CODE_SIGN_IDENTITY = "iPhone Developer";
				COPY_PHASE_STRIP = NO;
				DEBUG_INFORMATION_FORMAT = dwarf;
				ENABLE_STRICT_OBJC_MSGSEND = YES;
				ENABLE_TESTABILITY = YES;
				GCC_C_LANGUAGE_STANDARD = gnu11;
				GCC_DYNAMIC_NO_PIC = NO;
				GCC_NO_COMMON_BLOCKS = YES;
				GCC_OPTIMIZATION_LEVEL = 0;
				GCC_PREPROCESSOR_DEFINITIONS = (
					"DEBUG=1",
					"$(inherited)",
				);
				GCC_WARN_64_TO_32_BIT_CONVERSION = YES;
				GCC_WARN_ABOUT_RETURN_TYPE = YES_ERROR;
				GCC_WARN_UNDECLARED_SELECTOR = YES;
				GCC_WARN_UNINITIALIZED_AUTOS = YES_AGGRESSIVE;
				GCC_WARN_UNUSED_FUNCTION = YES;
				GCC_WARN_UNUSED_VARIABLE = YES;
				IPHONEOS_DEPLOYMENT_TARGET = 12.1;
				MTL_ENABLE_DEBUG_INFO = INCLUDE_SOURCE;
				MTL_FAST_MATH = YES;
				ONLY_ACTIVE_ARCH = YES;
				SDKROOT = iphoneos;
				SWIFT_ACTIVE_COMPILATION_CONDITIONS = DEBUG;
				SWIFT_OPTIMIZATION_LEVEL = "-Onone";
			};
			name = Debug;
		};
		98AA7B1722031C8F00FCA5AC /* Release */ = {
			isa = XCBuildConfiguration;
			buildSettings = {
				ALWAYS_SEARCH_USER_PATHS = NO;
				CLANG_ANALYZER_NONNULL = YES;
				CLANG_ANALYZER_NUMBER_OBJECT_CONVERSION = YES_AGGRESSIVE;
				CLANG_CXX_LANGUAGE_STANDARD = "gnu++14";
				CLANG_CXX_LIBRARY = "libc++";
				CLANG_ENABLE_MODULES = YES;
				CLANG_ENABLE_OBJC_ARC = YES;
				CLANG_ENABLE_OBJC_WEAK = YES;
				CLANG_WARN_BLOCK_CAPTURE_AUTORELEASING = YES;
				CLANG_WARN_BOOL_CONVERSION = YES;
				CLANG_WARN_COMMA = YES;
				CLANG_WARN_CONSTANT_CONVERSION = YES;
				CLANG_WARN_DEPRECATED_OBJC_IMPLEMENTATIONS = YES;
				CLANG_WARN_DIRECT_OBJC_ISA_USAGE = YES_ERROR;
				CLANG_WARN_DOCUMENTATION_COMMENTS = YES;
				CLANG_WARN_EMPTY_BODY = YES;
				CLANG_WARN_ENUM_CONVERSION = YES;
				CLANG_WARN_INFINITE_RECURSION = YES;
				CLANG_WARN_INT_CONVERSION = YES;
				CLANG_WARN_NON_LITERAL_NULL_CONVERSION = YES;
				CLANG_WARN_OBJC_IMPLICIT_RETAIN_SELF = YES;
				CLANG_WARN_OBJC_LITERAL_CONVERSION = YES;
				CLANG_WARN_OBJC_ROOT_CLASS = YES_ERROR;
				CLANG_WARN_RANGE_LOOP_ANALYSIS = YES;
				CLANG_WARN_STRICT_PROTOTYPES = YES;
				CLANG_WARN_SUSPICIOUS_MOVE = YES;
				CLANG_WARN_UNGUARDED_AVAILABILITY = YES_AGGRESSIVE;
				CLANG_WARN_UNREACHABLE_CODE = YES;
				CLANG_WARN__DUPLICATE_METHOD_MATCH = YES;
				CODE_SIGN_IDENTITY = "iPhone Developer";
				COPY_PHASE_STRIP = NO;
				DEBUG_INFORMATION_FORMAT = "dwarf-with-dsym";
				ENABLE_NS_ASSERTIONS = NO;
				ENABLE_STRICT_OBJC_MSGSEND = YES;
				GCC_C_LANGUAGE_STANDARD = gnu11;
				GCC_NO_COMMON_BLOCKS = YES;
				GCC_WARN_64_TO_32_BIT_CONVERSION = YES;
				GCC_WARN_ABOUT_RETURN_TYPE = YES_ERROR;
				GCC_WARN_UNDECLARED_SELECTOR = YES;
				GCC_WARN_UNINITIALIZED_AUTOS = YES_AGGRESSIVE;
				GCC_WARN_UNUSED_FUNCTION = YES;
				GCC_WARN_UNUSED_VARIABLE = YES;
				IPHONEOS_DEPLOYMENT_TARGET = 12.1;
				MTL_ENABLE_DEBUG_INFO = NO;
				MTL_FAST_MATH = YES;
				SDKROOT = iphoneos;
				SWIFT_COMPILATION_MODE = wholemodule;
				SWIFT_OPTIMIZATION_LEVEL = "-O";
				VALIDATE_PRODUCT = YES;
			};
			name = Release;
		};
		98AA7B1922031C8F00FCA5AC /* Debug */ = {
			isa = XCBuildConfiguration;
			buildSettings = {
				ASSETCATALOG_COMPILER_APPICON_NAME = AppIcon;
				CODE_SIGN_STYLE = Automatic;
				INFOPLIST_FILE = "$(SRCROOT)/Virtual Tourist/Resources/Info.plist";
				LD_RUNPATH_SEARCH_PATHS = (
					"$(inherited)",
					"@executable_path/Frameworks",
				);
				PRODUCT_BUNDLE_IDENTIFIER = "feliperibeiro.Virtual-Tourist";
				PRODUCT_NAME = "$(TARGET_NAME)";
				SWIFT_VERSION = 4.2;
				TARGETED_DEVICE_FAMILY = "1,2";
			};
			name = Debug;
		};
		98AA7B1A22031C8F00FCA5AC /* Release */ = {
			isa = XCBuildConfiguration;
			buildSettings = {
				ASSETCATALOG_COMPILER_APPICON_NAME = AppIcon;
				CODE_SIGN_STYLE = Automatic;
				INFOPLIST_FILE = "$(SRCROOT)/Virtual Tourist/Resources/Info.plist";
				LD_RUNPATH_SEARCH_PATHS = (
					"$(inherited)",
					"@executable_path/Frameworks",
				);
				PRODUCT_BUNDLE_IDENTIFIER = "feliperibeiro.Virtual-Tourist";
				PRODUCT_NAME = "$(TARGET_NAME)";
				SWIFT_VERSION = 4.2;
				TARGETED_DEVICE_FAMILY = "1,2";
			};
			name = Release;
		};
/* End XCBuildConfiguration section */

/* Begin XCConfigurationList section */
		98AA7AFE22031C8D00FCA5AC /* Build configuration list for PBXProject "Virtual Tourist" */ = {
			isa = XCConfigurationList;
			buildConfigurations = (
				98AA7B1622031C8F00FCA5AC /* Debug */,
				98AA7B1722031C8F00FCA5AC /* Release */,
			);
			defaultConfigurationIsVisible = 0;
			defaultConfigurationName = Release;
		};
		98AA7B1822031C8F00FCA5AC /* Build configuration list for PBXNativeTarget "Virtual Tourist" */ = {
			isa = XCConfigurationList;
			buildConfigurations = (
				98AA7B1922031C8F00FCA5AC /* Debug */,
				98AA7B1A22031C8F00FCA5AC /* Release */,
			);
			defaultConfigurationIsVisible = 0;
			defaultConfigurationName = Release;
		};
/* End XCConfigurationList section */

/* Begin XCVersionGroup section */
		98AA7B0D22031C8D00FCA5AC /* Virtual Tourist.xcdatamodeld */ = {
			isa = XCVersionGroup;
			children = (
				98AA7B0E22031C8D00FCA5AC /* Virtual_Tourist.xcdatamodel */,
			);
			currentVersion = 98AA7B0E22031C8D00FCA5AC /* Virtual_Tourist.xcdatamodel */;
			path = "Virtual Tourist.xcdatamodeld";
			sourceTree = "<group>";
			versionGroupType = wrapper.xcdatamodel;
		};
/* End XCVersionGroup section */
	};
	rootObject = 98AA7AFB22031C8D00FCA5AC /* Project object */;
}
